// !$*UTF8*$!
{
	archiveVersion = 1;
	classes = {
	};
	objectVersion = 77;
	objects = {

/* Begin PBXBuildFile section */
		FB529ED32E74423C007970D3 /* Assets.xcassets in Resources */ = {isa = PBXBuildFile; fileRef = FB529ECF2E74423C007970D3 /* Assets.xcassets */; };
		FB529EE52E7442B7007970D3 /* GithubSearchApp.swift in Sources */ = {isa = PBXBuildFile; fileRef = FB529EE32E7442B7007970D3 /* GithubSearchApp.swift */; };
		FB529EE92E7444C7007970D3 /* AppConfig.swift in Sources */ = {isa = PBXBuildFile; fileRef = FB529EE82E7444C7007970D3 /* AppConfig.swift */; };
		FB529EED2E74457B007970D3 /* RootView.swift in Sources */ = {isa = PBXBuildFile; fileRef = FB529EEC2E74457B007970D3 /* RootView.swift */; };
		FB7154F82E745E7900BFE402 /* SearchRepositoriesResponse.swift in Sources */ = {isa = PBXBuildFile; fileRef = FB7154F62E745E7900BFE402 /* SearchRepositoriesResponse.swift */; };
		FB7154FA2E745F2700BFE402 /* GitHubRepository.swift in Sources */ = {isa = PBXBuildFile; fileRef = FB7154F92E745F2700BFE402 /* GitHubRepository.swift */; };
		FB7154FC2E745F4500BFE402 /* GitHubRepositoryOwner.swift in Sources */ = {isa = PBXBuildFile; fileRef = FB7154FB2E745F4500BFE402 /* GitHubRepositoryOwner.swift */; };
		FB7155022E745FB800BFE402 /* JSONDecoder+.swift in Sources */ = {isa = PBXBuildFile; fileRef = FB7155012E745FB800BFE402 /* JSONDecoder+.swift */; };
		FBB2C9082E74723F004C9165 /* Quick in Frameworks */ = {isa = PBXBuildFile; productRef = FBB2C9072E74723F004C9165 /* Quick */; };
		FBB2C90B2E747288004C9165 /* Nimble in Frameworks */ = {isa = PBXBuildFile; productRef = FBB2C90A2E747288004C9165 /* Nimble */; };
		FBB2C9112E74763B004C9165 /* Fixture.swift in Sources */ = {isa = PBXBuildFile; fileRef = FBB2C90F2E74763B004C9165 /* Fixture.swift */; };
		FBB2C9132E747645004C9165 /* SearchRepositoriesSpec.swift in Sources */ = {isa = PBXBuildFile; fileRef = FBB2C9122E747645004C9165 /* SearchRepositoriesSpec.swift */; };
		FBB2C9172E7476CF004C9165 /* SearchRepositoriesResponse_success.json in Resources */ = {isa = PBXBuildFile; fileRef = FBB2C9152E7476CF004C9165 /* SearchRepositoriesResponse_success.json */; };
		FBB2C91A2E74794E004C9165 /* SearchRepositoriesResponse_fail.json in Resources */ = {isa = PBXBuildFile; fileRef = FBB2C9192E74794E004C9165 /* SearchRepositoriesResponse_fail.json */; };
		FBB2C91D2E7486F0004C9165 /* SearchRepositoriesRequest.swift in Sources */ = {isa = PBXBuildFile; fileRef = FBB2C91C2E7486F0004C9165 /* SearchRepositoriesRequest.swift */; };
		FBB2C9252E7489A7004C9165 /* GitHubRateLimit.swift in Sources */ = {isa = PBXBuildFile; fileRef = FBB2C9242E7489A7004C9165 /* GitHubRateLimit.swift */; };
		FBB2C92B2E748D0D004C9165 /* SearchRepositoriesServicing.swift in Sources */ = {isa = PBXBuildFile; fileRef = FBB2C92A2E748D0D004C9165 /* SearchRepositoriesServicing.swift */; };
		FBB2C92F2E748D9B004C9165 /* SearchRepositoriesServiceError.swift in Sources */ = {isa = PBXBuildFile; fileRef = FBB2C92D2E748D9B004C9165 /* SearchRepositoriesServiceError.swift */; };
		FBB2C9312E748FD9004C9165 /* SearchRepositoriesService.swift in Sources */ = {isa = PBXBuildFile; fileRef = FBB2C9302E748FD9004C9165 /* SearchRepositoriesService.swift */; };
		FBB2C9332E74908A004C9165 /* URLSession+.swift in Sources */ = {isa = PBXBuildFile; fileRef = FBB2C9322E74908A004C9165 /* URLSession+.swift */; };
		FBB2C93A2E74AEA2004C9165 /* SearchRepositoriesRequestBuilder.swift in Sources */ = {isa = PBXBuildFile; fileRef = FBB2C9392E74AEA2004C9165 /* SearchRepositoriesRequestBuilder.swift */; };
		FBB2C9422E74AFDE004C9165 /* RateLimitParser.swift in Sources */ = {isa = PBXBuildFile; fileRef = FBB2C9402E74AFDE004C9165 /* RateLimitParser.swift */; };
		FBB2C9452E74B0DF004C9165 /* HTTPClient.swift in Sources */ = {isa = PBXBuildFile; fileRef = FBB2C9432E74B0DF004C9165 /* HTTPClient.swift */; };
		FBB2C94F2E7542B0004C9165 /* SearchRepositoriesUsecase.swift in Sources */ = {isa = PBXBuildFile; fileRef = FBB2C94E2E7542B0004C9165 /* SearchRepositoriesUsecase.swift */; };
		FBB2C9522E754353004C9165 /* SearchRepositoriesUsecaseError.swift in Sources */ = {isa = PBXBuildFile; fileRef = FBB2C9512E754353004C9165 /* SearchRepositoriesUsecaseError.swift */; };
		FBB2C9542E7543F7004C9165 /* SearchRepositoriesInteractor.swift in Sources */ = {isa = PBXBuildFile; fileRef = FBB2C9532E7543F7004C9165 /* SearchRepositoriesInteractor.swift */; };
		FBB2C9562E755BEC004C9165 /* GitHubHTTPClient.swift in Sources */ = {isa = PBXBuildFile; fileRef = FBB2C9552E755BEC004C9165 /* GitHubHTTPClient.swift */; };
/* End PBXBuildFile section */

/* Begin PBXContainerItemProxy section */
		FB529EAB2E744058007970D3 /* PBXContainerItemProxy */ = {
			isa = PBXContainerItemProxy;
			containerPortal = FB529E952E744056007970D3 /* Project object */;
			proxyType = 1;
			remoteGlobalIDString = FB529E9C2E744056007970D3;
			remoteInfo = GithubSearch;
		};
/* End PBXContainerItemProxy section */

/* Begin PBXFileReference section */
		FB529E9D2E744056007970D3 /* GithubSearch.app */ = {isa = PBXFileReference; explicitFileType = wrapper.application; includeInIndex = 0; path = GithubSearch.app; sourceTree = BUILT_PRODUCTS_DIR; };
		FB529EAA2E744058007970D3 /* GithubSearchTests.xctest */ = {isa = PBXFileReference; explicitFileType = wrapper.cfbundle; includeInIndex = 0; path = GithubSearchTests.xctest; sourceTree = BUILT_PRODUCTS_DIR; };
		FB529ECF2E74423C007970D3 /* Assets.xcassets */ = {isa = PBXFileReference; lastKnownFileType = folder.assetcatalog; path = Assets.xcassets; sourceTree = "<group>"; };
		FB529EE32E7442B7007970D3 /* GithubSearchApp.swift */ = {isa = PBXFileReference; lastKnownFileType = sourcecode.swift; path = GithubSearchApp.swift; sourceTree = "<group>"; };
		FB529EE82E7444C7007970D3 /* AppConfig.swift */ = {isa = PBXFileReference; lastKnownFileType = sourcecode.swift; path = AppConfig.swift; sourceTree = "<group>"; };
		FB529EEC2E74457B007970D3 /* RootView.swift */ = {isa = PBXFileReference; lastKnownFileType = sourcecode.swift; path = RootView.swift; sourceTree = "<group>"; };
		FB7154F62E745E7900BFE402 /* SearchRepositoriesResponse.swift */ = {isa = PBXFileReference; lastKnownFileType = sourcecode.swift; path = SearchRepositoriesResponse.swift; sourceTree = "<group>"; };
		FB7154F92E745F2700BFE402 /* GitHubRepository.swift */ = {isa = PBXFileReference; lastKnownFileType = sourcecode.swift; path = GitHubRepository.swift; sourceTree = "<group>"; };
		FB7154FB2E745F4500BFE402 /* GitHubRepositoryOwner.swift */ = {isa = PBXFileReference; lastKnownFileType = sourcecode.swift; path = GitHubRepositoryOwner.swift; sourceTree = "<group>"; };
		FB7155012E745FB800BFE402 /* JSONDecoder+.swift */ = {isa = PBXFileReference; lastKnownFileType = sourcecode.swift; path = "JSONDecoder+.swift"; sourceTree = "<group>"; };
		FBB2C90F2E74763B004C9165 /* Fixture.swift */ = {isa = PBXFileReference; lastKnownFileType = sourcecode.swift; path = Fixture.swift; sourceTree = "<group>"; };
		FBB2C9122E747645004C9165 /* SearchRepositoriesSpec.swift */ = {isa = PBXFileReference; lastKnownFileType = sourcecode.swift; path = SearchRepositoriesSpec.swift; sourceTree = "<group>"; };
		FBB2C9152E7476CF004C9165 /* SearchRepositoriesResponse_success.json */ = {isa = PBXFileReference; lastKnownFileType = text.json; path = SearchRepositoriesResponse_success.json; sourceTree = "<group>"; };
		FBB2C9192E74794E004C9165 /* SearchRepositoriesResponse_fail.json */ = {isa = PBXFileReference; lastKnownFileType = text.json; path = SearchRepositoriesResponse_fail.json; sourceTree = "<group>"; };
		FBB2C91C2E7486F0004C9165 /* SearchRepositoriesRequest.swift */ = {isa = PBXFileReference; lastKnownFileType = sourcecode.swift; path = SearchRepositoriesRequest.swift; sourceTree = "<group>"; };
		FBB2C9242E7489A7004C9165 /* GitHubRateLimit.swift */ = {isa = PBXFileReference; lastKnownFileType = sourcecode.swift; path = GitHubRateLimit.swift; sourceTree = "<group>"; };
		FBB2C92A2E748D0D004C9165 /* SearchRepositoriesServicing.swift */ = {isa = PBXFileReference; lastKnownFileType = sourcecode.swift; path = SearchRepositoriesServicing.swift; sourceTree = "<group>"; };
		FBB2C92D2E748D9B004C9165 /* SearchRepositoriesServiceError.swift */ = {isa = PBXFileReference; lastKnownFileType = sourcecode.swift; path = SearchRepositoriesServiceError.swift; sourceTree = "<group>"; };
		FBB2C9302E748FD9004C9165 /* SearchRepositoriesService.swift */ = {isa = PBXFileReference; lastKnownFileType = sourcecode.swift; path = SearchRepositoriesService.swift; sourceTree = "<group>"; };
		FBB2C9322E74908A004C9165 /* URLSession+.swift */ = {isa = PBXFileReference; lastKnownFileType = sourcecode.swift; path = "URLSession+.swift"; sourceTree = "<group>"; };
		FBB2C9392E74AEA2004C9165 /* SearchRepositoriesRequestBuilder.swift */ = {isa = PBXFileReference; lastKnownFileType = sourcecode.swift; path = SearchRepositoriesRequestBuilder.swift; sourceTree = "<group>"; };
		FBB2C9402E74AFDE004C9165 /* RateLimitParser.swift */ = {isa = PBXFileReference; lastKnownFileType = sourcecode.swift; path = RateLimitParser.swift; sourceTree = "<group>"; };
		FBB2C9432E74B0DF004C9165 /* HTTPClient.swift */ = {isa = PBXFileReference; lastKnownFileType = sourcecode.swift; path = HTTPClient.swift; sourceTree = "<group>"; };
		FBB2C94E2E7542B0004C9165 /* SearchRepositoriesUsecase.swift */ = {isa = PBXFileReference; lastKnownFileType = sourcecode.swift; path = SearchRepositoriesUsecase.swift; sourceTree = "<group>"; };
		FBB2C9512E754353004C9165 /* SearchRepositoriesUsecaseError.swift */ = {isa = PBXFileReference; lastKnownFileType = sourcecode.swift; path = SearchRepositoriesUsecaseError.swift; sourceTree = "<group>"; };
		FBB2C9532E7543F7004C9165 /* SearchRepositoriesInteractor.swift */ = {isa = PBXFileReference; lastKnownFileType = sourcecode.swift; path = SearchRepositoriesInteractor.swift; sourceTree = "<group>"; };
		FBB2C9552E755BEC004C9165 /* GitHubHTTPClient.swift */ = {isa = PBXFileReference; lastKnownFileType = sourcecode.swift; path = GitHubHTTPClient.swift; sourceTree = "<group>"; };
/* End PBXFileReference section */

/* Begin PBXFrameworksBuildPhase section */
		FB529E9A2E744056007970D3 /* Frameworks */ = {
			isa = PBXFrameworksBuildPhase;
			buildActionMask = 2147483647;
			files = (
			);
			runOnlyForDeploymentPostprocessing = 0;
		};
		FB529EA72E744058007970D3 /* Frameworks */ = {
			isa = PBXFrameworksBuildPhase;
			buildActionMask = 2147483647;
			files = (
				FBB2C9082E74723F004C9165 /* Quick in Frameworks */,
				FBB2C90B2E747288004C9165 /* Nimble in Frameworks */,
			);
			runOnlyForDeploymentPostprocessing = 0;
		};
/* End PBXFrameworksBuildPhase section */

/* Begin PBXGroup section */
		FB529E942E744056007970D3 = {
			isa = PBXGroup;
			children = (
				FB529ED22E74423C007970D3 /* GithubSearch */,
				FB529ECD2E74423C007970D3 /* GithubSearchTests */,
				FB529E9E2E744056007970D3 /* Products */,
			);
			sourceTree = "<group>";
		};
		FB529E9E2E744056007970D3 /* Products */ = {
			isa = PBXGroup;
			children = (
				FB529E9D2E744056007970D3 /* GithubSearch.app */,
				FB529EAA2E744058007970D3 /* GithubSearchTests.xctest */,
			);
			name = Products;
			sourceTree = "<group>";
		};
		FB529ECD2E74423C007970D3 /* GithubSearchTests */ = {
			isa = PBXGroup;
			children = (
				FBB2C9162E7476CF004C9165 /* Fixture */,
				FBB2C9102E74763B004C9165 /* Supports */,
				FBB2C9122E747645004C9165 /* SearchRepositoriesSpec.swift */,
			);
			path = GithubSearchTests;
			sourceTree = "<group>";
		};
		FB529ED22E74423C007970D3 /* GithubSearch */ = {
			isa = PBXGroup;
			children = (
				FB529EE42E7442B7007970D3 /* App */,
				FB529EE72E7444A1007970D3 /* Configs */,
				FBB2C95B2E75616C004C9165 /* Features */,
				FB529EDE2E7442B7007970D3 /* Service */,
				FBB2C92E2E748D9B004C9165 /* Errors */,
				FB7155002E745F9000BFE402 /* Utils */,
				FB529EE12E7442B7007970D3 /* Resources */,
			);
			path = GithubSearch;
			sourceTree = "<group>";
		};
		FB529EDD2E7442B7007970D3 /* Model */ = {
			isa = PBXGroup;
			children = (
				FB7154F72E745E7900BFE402 /* GitHub */,
			);
			path = Model;
			sourceTree = "<group>";
		};
		FB529EDE2E7442B7007970D3 /* Service */ = {
			isa = PBXGroup;
			children = (
				FBB2C9282E748C85004C9165 /* Protocols */,
				FBB2C9292E748C85004C9165 /* Implementations */,
			);
			path = Service;
			sourceTree = "<group>";
		};
		FB529EDF2E7442B7007970D3 /* View */ = {
			isa = PBXGroup;
			children = (
				FB529EEC2E74457B007970D3 /* RootView.swift */,
			);
			path = View;
			sourceTree = "<group>";
		};
		FB529EE02E7442B7007970D3 /* ViewModel */ = {
			isa = PBXGroup;
			children = (
			);
			path = ViewModel;
			sourceTree = "<group>";
		};
		FB529EE12E7442B7007970D3 /* Resources */ = {
			isa = PBXGroup;
			children = (
				FB529ECF2E74423C007970D3 /* Assets.xcassets */,
			);
			path = Resources;
			sourceTree = "<group>";
		};
		FB529EE42E7442B7007970D3 /* App */ = {
			isa = PBXGroup;
			children = (
				FB529EE32E7442B7007970D3 /* GithubSearchApp.swift */,
			);
			path = App;
			sourceTree = "<group>";
		};
		FB529EE72E7444A1007970D3 /* Configs */ = {
			isa = PBXGroup;
			children = (
				FB529EE82E7444C7007970D3 /* AppConfig.swift */,
			);
			path = Configs;
			sourceTree = "<group>";
		};
		FB7154F72E745E7900BFE402 /* GitHub */ = {
			isa = PBXGroup;
			children = (
				FB7154F62E745E7900BFE402 /* SearchRepositoriesResponse.swift */,
				FB7154F92E745F2700BFE402 /* GitHubRepository.swift */,
				FB7154FB2E745F4500BFE402 /* GitHubRepositoryOwner.swift */,
				FBB2C91C2E7486F0004C9165 /* SearchRepositoriesRequest.swift */,
				FBB2C9242E7489A7004C9165 /* GitHubRateLimit.swift */,
			);
			path = GitHub;
			sourceTree = "<group>";
		};
		FB7154FF2E745F9000BFE402 /* Extensions */ = {
			isa = PBXGroup;
			children = (
				FB7155012E745FB800BFE402 /* JSONDecoder+.swift */,
				FBB2C9322E74908A004C9165 /* URLSession+.swift */,
			);
			path = Extensions;
			sourceTree = "<group>";
		};
		FB7155002E745F9000BFE402 /* Utils */ = {
			isa = PBXGroup;
			children = (
				FBB2C9412E74AFDE004C9165 /* Parsers */,
				FB7154FF2E745F9000BFE402 /* Extensions */,
			);
			path = Utils;
			sourceTree = "<group>";
		};
		FBB2C9102E74763B004C9165 /* Supports */ = {
			isa = PBXGroup;
			children = (
				FBB2C90F2E74763B004C9165 /* Fixture.swift */,
			);
			path = Supports;
			sourceTree = "<group>";
		};
		FBB2C9162E7476CF004C9165 /* Fixture */ = {
			isa = PBXGroup;
			children = (
				FBB2C9152E7476CF004C9165 /* SearchRepositoriesResponse_success.json */,
				FBB2C9192E74794E004C9165 /* SearchRepositoriesResponse_fail.json */,
			);
			path = Fixture;
			sourceTree = "<group>";
		};
		FBB2C9282E748C85004C9165 /* Protocols */ = {
			isa = PBXGroup;
			children = (
				FBB2C92A2E748D0D004C9165 /* SearchRepositoriesServicing.swift */,
				FBB2C9432E74B0DF004C9165 /* HTTPClient.swift */,
			);
			path = Protocols;
			sourceTree = "<group>";
		};
		FBB2C9292E748C85004C9165 /* Implementations */ = {
			isa = PBXGroup;
			children = (
				FBB2C9302E748FD9004C9165 /* SearchRepositoriesService.swift */,
				FBB2C9392E74AEA2004C9165 /* SearchRepositoriesRequestBuilder.swift */,
				FBB2C9552E755BEC004C9165 /* GitHubHTTPClient.swift */,
			);
			path = Implementations;
			sourceTree = "<group>";
		};
		FBB2C92E2E748D9B004C9165 /* Errors */ = {
			isa = PBXGroup;
			children = (
				FBB2C92D2E748D9B004C9165 /* SearchRepositoriesServiceError.swift */,
				FBB2C9512E754353004C9165 /* SearchRepositoriesUsecaseError.swift */,
			);
			path = Errors;
			sourceTree = "<group>";
		};
		FBB2C9412E74AFDE004C9165 /* Parsers */ = {
			isa = PBXGroup;
			children = (
				FBB2C9402E74AFDE004C9165 /* RateLimitParser.swift */,
			);
			path = Parsers;
			sourceTree = "<group>";
		};
		FBB2C9492E754218004C9165 /* Domain */ = {
			isa = PBXGroup;
			children = (
				FBB2C94D2E754263004C9165 /* Usecase */,
				FBB2C94C2E754263004C9165 /* Interactor */,
			);
			path = Domain;
			sourceTree = "<group>";
		};
		FBB2C94C2E754263004C9165 /* Interactor */ = {
			isa = PBXGroup;
			children = (
				FBB2C9532E7543F7004C9165 /* SearchRepositoriesInteractor.swift */,
			);
			path = Interactor;
			sourceTree = "<group>";
		};
		FBB2C94D2E754263004C9165 /* Usecase */ = {
			isa = PBXGroup;
			children = (
				FBB2C94E2E7542B0004C9165 /* SearchRepositoriesUsecase.swift */,
			);
			path = Usecase;
			sourceTree = "<group>";
		};
		FBB2C95A2E75616C004C9165 /* SearchRepository */ = {
			isa = PBXGroup;
			children = (
				FB529EDD2E7442B7007970D3 /* Model */,
				FB529EDF2E7442B7007970D3 /* View */,
				FB529EE02E7442B7007970D3 /* ViewModel */,
				FBB2C95D2E7561BA004C9165 /* Manager */,
				FBB2C9492E754218004C9165 /* Domain */,
			);
			path = SearchRepository;
			sourceTree = "<group>";
		};
		FBB2C95B2E75616C004C9165 /* Features */ = {
			isa = PBXGroup;
			children = (
				FBB2C95A2E75616C004C9165 /* SearchRepository */,
			);
			path = Features;
			sourceTree = "<group>";
		};
		FBB2C95D2E7561BA004C9165 /* Manager */ = {
			isa = PBXGroup;
			children = (
			);
			path = Manager;
			sourceTree = "<group>";
		};
/* End PBXGroup section */

/* Begin PBXNativeTarget section */
		FB529E9C2E744056007970D3 /* GithubSearch */ = {
			isa = PBXNativeTarget;
			buildConfigurationList = FB529EBE2E744058007970D3 /* Build configuration list for PBXNativeTarget "GithubSearch" */;
			buildPhases = (
				FB529E992E744056007970D3 /* Sources */,
				FB529E9A2E744056007970D3 /* Frameworks */,
				FB529E9B2E744056007970D3 /* Resources */,
			);
			buildRules = (
			);
			dependencies = (
			);
			name = GithubSearch;
			packageProductDependencies = (
			);
			productName = GithubSearch;
			productReference = FB529E9D2E744056007970D3 /* GithubSearch.app */;
			productType = "com.apple.product-type.application";
		};
		FB529EA92E744058007970D3 /* GithubSearchTests */ = {
			isa = PBXNativeTarget;
			buildConfigurationList = FB529EC12E744058007970D3 /* Build configuration list for PBXNativeTarget "GithubSearchTests" */;
			buildPhases = (
				FB529EA62E744058007970D3 /* Sources */,
				FB529EA72E744058007970D3 /* Frameworks */,
				FB529EA82E744058007970D3 /* Resources */,
			);
			buildRules = (
			);
			dependencies = (
				FB529EAC2E744058007970D3 /* PBXTargetDependency */,
			);
			name = GithubSearchTests;
			packageProductDependencies = (
				FBB2C9072E74723F004C9165 /* Quick */,
				FBB2C90A2E747288004C9165 /* Nimble */,
			);
			productName = GithubSearchTests;
			productReference = FB529EAA2E744058007970D3 /* GithubSearchTests.xctest */;
			productType = "com.apple.product-type.bundle.unit-test";
		};
/* End PBXNativeTarget section */

/* Begin PBXProject section */
		FB529E952E744056007970D3 /* Project object */ = {
			isa = PBXProject;
			attributes = {
				BuildIndependentTargetsInParallel = 1;
				LastSwiftUpdateCheck = 1640;
				LastUpgradeCheck = 1640;
				TargetAttributes = {
					FB529E9C2E744056007970D3 = {
						CreatedOnToolsVersion = 16.4;
					};
					FB529EA92E744058007970D3 = {
						CreatedOnToolsVersion = 16.4;
						LastSwiftMigration = 1640;
						TestTargetID = FB529E9C2E744056007970D3;
					};
				};
			};
			buildConfigurationList = FB529E982E744056007970D3 /* Build configuration list for PBXProject "GithubSearch" */;
			developmentRegion = ja;
			hasScannedForEncodings = 0;
			knownRegions = (
				en,
				Base,
				ja,
			);
			mainGroup = FB529E942E744056007970D3;
			minimizedProjectReferenceProxies = 1;
			packageReferences = (
				FBB2C9062E74723F004C9165 /* XCRemoteSwiftPackageReference "Quick" */,
				FBB2C9092E747288004C9165 /* XCRemoteSwiftPackageReference "Nimble" */,
			);
			preferredProjectObjectVersion = 77;
			productRefGroup = FB529E9E2E744056007970D3 /* Products */;
			projectDirPath = "";
			projectRoot = "";
			targets = (
				FB529E9C2E744056007970D3 /* GithubSearch */,
				FB529EA92E744058007970D3 /* GithubSearchTests */,
			);
		};
/* End PBXProject section */

/* Begin PBXResourcesBuildPhase section */
		FB529E9B2E744056007970D3 /* Resources */ = {
			isa = PBXResourcesBuildPhase;
			buildActionMask = 2147483647;
			files = (
				FB529ED32E74423C007970D3 /* Assets.xcassets in Resources */,
			);
			runOnlyForDeploymentPostprocessing = 0;
		};
		FB529EA82E744058007970D3 /* Resources */ = {
			isa = PBXResourcesBuildPhase;
			buildActionMask = 2147483647;
			files = (
				FBB2C91A2E74794E004C9165 /* SearchRepositoriesResponse_fail.json in Resources */,
				FBB2C9172E7476CF004C9165 /* SearchRepositoriesResponse_success.json in Resources */,
			);
			runOnlyForDeploymentPostprocessing = 0;
		};
/* End PBXResourcesBuildPhase section */

/* Begin PBXSourcesBuildPhase section */
		FB529E992E744056007970D3 /* Sources */ = {
			isa = PBXSourcesBuildPhase;
			buildActionMask = 2147483647;
			files = (
				FBB2C92F2E748D9B004C9165 /* SearchRepositoriesServiceError.swift in Sources */,
				FBB2C9542E7543F7004C9165 /* SearchRepositoriesInteractor.swift in Sources */,
				FB7154F82E745E7900BFE402 /* SearchRepositoriesResponse.swift in Sources */,
				FB529EED2E74457B007970D3 /* RootView.swift in Sources */,
				FBB2C9452E74B0DF004C9165 /* HTTPClient.swift in Sources */,
				FB529EE92E7444C7007970D3 /* AppConfig.swift in Sources */,
				FB7154FA2E745F2700BFE402 /* GitHubRepository.swift in Sources */,
				FBB2C9332E74908A004C9165 /* URLSession+.swift in Sources */,
				FBB2C94F2E7542B0004C9165 /* SearchRepositoriesUsecase.swift in Sources */,
				FBB2C9312E748FD9004C9165 /* SearchRepositoriesService.swift in Sources */,
				FBB2C9422E74AFDE004C9165 /* RateLimitParser.swift in Sources */,
				FB7154FC2E745F4500BFE402 /* GitHubRepositoryOwner.swift in Sources */,
				FBB2C9522E754353004C9165 /* SearchRepositoriesUsecaseError.swift in Sources */,
				FB529EE52E7442B7007970D3 /* GithubSearchApp.swift in Sources */,
				FBB2C91D2E7486F0004C9165 /* SearchRepositoriesRequest.swift in Sources */,
				FBB2C92B2E748D0D004C9165 /* SearchRepositoriesServicing.swift in Sources */,
				FBB2C93A2E74AEA2004C9165 /* SearchRepositoriesRequestBuilder.swift in Sources */,
				FBB2C9252E7489A7004C9165 /* GitHubRateLimit.swift in Sources */,
				FB7155022E745FB800BFE402 /* JSONDecoder+.swift in Sources */,
				FBB2C9562E755BEC004C9165 /* GitHubHTTPClient.swift in Sources */,
			);
			runOnlyForDeploymentPostprocessing = 0;
		};
		FB529EA62E744058007970D3 /* Sources */ = {
			isa = PBXSourcesBuildPhase;
			buildActionMask = 2147483647;
			files = (
				FBB2C9132E747645004C9165 /* SearchRepositoriesSpec.swift in Sources */,
				FBB2C9112E74763B004C9165 /* Fixture.swift in Sources */,
			);
			runOnlyForDeploymentPostprocessing = 0;
		};
/* End PBXSourcesBuildPhase section */

/* Begin PBXTargetDependency section */
		FB529EAC2E744058007970D3 /* PBXTargetDependency */ = {
			isa = PBXTargetDependency;
			target = FB529E9C2E744056007970D3 /* GithubSearch */;
			targetProxy = FB529EAB2E744058007970D3 /* PBXContainerItemProxy */;
		};
/* End PBXTargetDependency section */

/* Begin XCBuildConfiguration section */
		FB529EBC2E744058007970D3 /* Debug */ = {
			isa = XCBuildConfiguration;
			buildSettings = {
				ALWAYS_SEARCH_USER_PATHS = NO;
				ASSETCATALOG_COMPILER_GENERATE_SWIFT_ASSET_SYMBOL_EXTENSIONS = YES;
				CLANG_ANALYZER_NONNULL = YES;
				CLANG_ANALYZER_NUMBER_OBJECT_CONVERSION = YES_AGGRESSIVE;
				CLANG_CXX_LANGUAGE_STANDARD = "gnu++20";
				CLANG_ENABLE_MODULES = YES;
				CLANG_ENABLE_OBJC_ARC = YES;
				CLANG_ENABLE_OBJC_WEAK = YES;
				CLANG_WARN_BLOCK_CAPTURE_AUTORELEASING = YES;
				CLANG_WARN_BOOL_CONVERSION = YES;
				CLANG_WARN_COMMA = YES;
				CLANG_WARN_CONSTANT_CONVERSION = YES;
				CLANG_WARN_DEPRECATED_OBJC_IMPLEMENTATIONS = YES;
				CLANG_WARN_DIRECT_OBJC_ISA_USAGE = YES_ERROR;
				CLANG_WARN_DOCUMENTATION_COMMENTS = YES;
				CLANG_WARN_EMPTY_BODY = YES;
				CLANG_WARN_ENUM_CONVERSION = YES;
				CLANG_WARN_INFINITE_RECURSION = YES;
				CLANG_WARN_INT_CONVERSION = YES;
				CLANG_WARN_NON_LITERAL_NULL_CONVERSION = YES;
				CLANG_WARN_OBJC_IMPLICIT_RETAIN_SELF = YES;
				CLANG_WARN_OBJC_LITERAL_CONVERSION = YES;
				CLANG_WARN_OBJC_ROOT_CLASS = YES_ERROR;
				CLANG_WARN_QUOTED_INCLUDE_IN_FRAMEWORK_HEADER = YES;
				CLANG_WARN_RANGE_LOOP_ANALYSIS = YES;
				CLANG_WARN_STRICT_PROTOTYPES = YES;
				CLANG_WARN_SUSPICIOUS_MOVE = YES;
				CLANG_WARN_UNGUARDED_AVAILABILITY = YES_AGGRESSIVE;
				CLANG_WARN_UNREACHABLE_CODE = YES;
				CLANG_WARN__DUPLICATE_METHOD_MATCH = YES;
				COPY_PHASE_STRIP = NO;
				DEBUG_INFORMATION_FORMAT = dwarf;
				DEVELOPMENT_TEAM = SHUGXU55KP;
				ENABLE_STRICT_OBJC_MSGSEND = YES;
				ENABLE_TESTABILITY = YES;
				ENABLE_USER_SCRIPT_SANDBOXING = YES;
				GCC_C_LANGUAGE_STANDARD = gnu17;
				GCC_DYNAMIC_NO_PIC = NO;
				GCC_NO_COMMON_BLOCKS = YES;
				GCC_OPTIMIZATION_LEVEL = 0;
				GCC_PREPROCESSOR_DEFINITIONS = (
					"DEBUG=1",
					"$(inherited)",
				);
				GCC_WARN_64_TO_32_BIT_CONVERSION = YES;
				GCC_WARN_ABOUT_RETURN_TYPE = YES_ERROR;
				GCC_WARN_UNDECLARED_SELECTOR = YES;
				GCC_WARN_UNINITIALIZED_AUTOS = YES_AGGRESSIVE;
				GCC_WARN_UNUSED_FUNCTION = YES;
				GCC_WARN_UNUSED_VARIABLE = YES;
				IPHONEOS_DEPLOYMENT_TARGET = 18.5;
				LOCALIZATION_PREFERS_STRING_CATALOGS = YES;
				MTL_ENABLE_DEBUG_INFO = INCLUDE_SOURCE;
				MTL_FAST_MATH = YES;
				ONLY_ACTIVE_ARCH = YES;
				SDKROOT = iphoneos;
				SWIFT_ACTIVE_COMPILATION_CONDITIONS = "DEBUG $(inherited)";
				SWIFT_OPTIMIZATION_LEVEL = "-Onone";
			};
			name = Debug;
		};
		FB529EBD2E744058007970D3 /* Release */ = {
			isa = XCBuildConfiguration;
			buildSettings = {
				ALWAYS_SEARCH_USER_PATHS = NO;
				ASSETCATALOG_COMPILER_GENERATE_SWIFT_ASSET_SYMBOL_EXTENSIONS = YES;
				CLANG_ANALYZER_NONNULL = YES;
				CLANG_ANALYZER_NUMBER_OBJECT_CONVERSION = YES_AGGRESSIVE;
				CLANG_CXX_LANGUAGE_STANDARD = "gnu++20";
				CLANG_ENABLE_MODULES = YES;
				CLANG_ENABLE_OBJC_ARC = YES;
				CLANG_ENABLE_OBJC_WEAK = YES;
				CLANG_WARN_BLOCK_CAPTURE_AUTORELEASING = YES;
				CLANG_WARN_BOOL_CONVERSION = YES;
				CLANG_WARN_COMMA = YES;
				CLANG_WARN_CONSTANT_CONVERSION = YES;
				CLANG_WARN_DEPRECATED_OBJC_IMPLEMENTATIONS = YES;
				CLANG_WARN_DIRECT_OBJC_ISA_USAGE = YES_ERROR;
				CLANG_WARN_DOCUMENTATION_COMMENTS = YES;
				CLANG_WARN_EMPTY_BODY = YES;
				CLANG_WARN_ENUM_CONVERSION = YES;
				CLANG_WARN_INFINITE_RECURSION = YES;
				CLANG_WARN_INT_CONVERSION = YES;
				CLANG_WARN_NON_LITERAL_NULL_CONVERSION = YES;
				CLANG_WARN_OBJC_IMPLICIT_RETAIN_SELF = YES;
				CLANG_WARN_OBJC_LITERAL_CONVERSION = YES;
				CLANG_WARN_OBJC_ROOT_CLASS = YES_ERROR;
				CLANG_WARN_QUOTED_INCLUDE_IN_FRAMEWORK_HEADER = YES;
				CLANG_WARN_RANGE_LOOP_ANALYSIS = YES;
				CLANG_WARN_STRICT_PROTOTYPES = YES;
				CLANG_WARN_SUSPICIOUS_MOVE = YES;
				CLANG_WARN_UNGUARDED_AVAILABILITY = YES_AGGRESSIVE;
				CLANG_WARN_UNREACHABLE_CODE = YES;
				CLANG_WARN__DUPLICATE_METHOD_MATCH = YES;
				COPY_PHASE_STRIP = NO;
				DEBUG_INFORMATION_FORMAT = "dwarf-with-dsym";
				DEVELOPMENT_TEAM = SHUGXU55KP;
				ENABLE_NS_ASSERTIONS = NO;
				ENABLE_STRICT_OBJC_MSGSEND = YES;
				ENABLE_USER_SCRIPT_SANDBOXING = YES;
				GCC_C_LANGUAGE_STANDARD = gnu17;
				GCC_NO_COMMON_BLOCKS = YES;
				GCC_WARN_64_TO_32_BIT_CONVERSION = YES;
				GCC_WARN_ABOUT_RETURN_TYPE = YES_ERROR;
				GCC_WARN_UNDECLARED_SELECTOR = YES;
				GCC_WARN_UNINITIALIZED_AUTOS = YES_AGGRESSIVE;
				GCC_WARN_UNUSED_FUNCTION = YES;
				GCC_WARN_UNUSED_VARIABLE = YES;
				IPHONEOS_DEPLOYMENT_TARGET = 18.5;
				LOCALIZATION_PREFERS_STRING_CATALOGS = YES;
				MTL_ENABLE_DEBUG_INFO = NO;
				MTL_FAST_MATH = YES;
				SDKROOT = iphoneos;
				SWIFT_COMPILATION_MODE = wholemodule;
				VALIDATE_PRODUCT = YES;
			};
			name = Release;
		};
		FB529EBF2E744058007970D3 /* Debug */ = {
			isa = XCBuildConfiguration;
			buildSettings = {
				ASSETCATALOG_COMPILER_APPICON_NAME = AppIcon;
				ASSETCATALOG_COMPILER_GLOBAL_ACCENT_COLOR_NAME = AccentColor;
				CODE_SIGN_STYLE = Automatic;
				CURRENT_PROJECT_VERSION = 1;
				DEVELOPMENT_TEAM = SHUGXU55KP;
				ENABLE_PREVIEWS = YES;
				GENERATE_INFOPLIST_FILE = YES;
				INFOPLIST_KEY_LSApplicationCategoryType = "public.app-category.productivity";
				INFOPLIST_KEY_UIApplicationSceneManifest_Generation = YES;
				INFOPLIST_KEY_UIApplicationSupportsIndirectInputEvents = YES;
				INFOPLIST_KEY_UILaunchScreen_Generation = YES;
				INFOPLIST_KEY_UISupportedInterfaceOrientations_iPad = "UIInterfaceOrientationPortrait UIInterfaceOrientationPortraitUpsideDown UIInterfaceOrientationLandscapeLeft UIInterfaceOrientationLandscapeRight";
				INFOPLIST_KEY_UISupportedInterfaceOrientations_iPhone = "UIInterfaceOrientationPortrait UIInterfaceOrientationLandscapeLeft UIInterfaceOrientationLandscapeRight";
				IPHONEOS_DEPLOYMENT_TARGET = 16.0;
				LD_RUNPATH_SEARCH_PATHS = (
					"$(inherited)",
					"@executable_path/Frameworks",
				);
				MARKETING_VERSION = 1.0;
				PRODUCT_BUNDLE_IDENTIFIER = io.github.znak99.GithubSearch;
				PRODUCT_NAME = "$(TARGET_NAME)";
				SUPPORTED_PLATFORMS = "iphoneos iphonesimulator";
				SUPPORTS_MACCATALYST = NO;
				SUPPORTS_MAC_DESIGNED_FOR_IPHONE_IPAD = NO;
				SUPPORTS_XR_DESIGNED_FOR_IPHONE_IPAD = NO;
				SWIFT_EMIT_LOC_STRINGS = YES;
				SWIFT_VERSION = 5.0;
				TARGETED_DEVICE_FAMILY = "1,2";
			};
			name = Debug;
		};
		FB529EC02E744058007970D3 /* Release */ = {
			isa = XCBuildConfiguration;
			buildSettings = {
				ASSETCATALOG_COMPILER_APPICON_NAME = AppIcon;
				ASSETCATALOG_COMPILER_GLOBAL_ACCENT_COLOR_NAME = AccentColor;
				CODE_SIGN_STYLE = Automatic;
				CURRENT_PROJECT_VERSION = 1;
				DEVELOPMENT_TEAM = SHUGXU55KP;
				ENABLE_PREVIEWS = YES;
				GENERATE_INFOPLIST_FILE = YES;
				INFOPLIST_KEY_LSApplicationCategoryType = "public.app-category.productivity";
				INFOPLIST_KEY_UIApplicationSceneManifest_Generation = YES;
				INFOPLIST_KEY_UIApplicationSupportsIndirectInputEvents = YES;
				INFOPLIST_KEY_UILaunchScreen_Generation = YES;
				INFOPLIST_KEY_UISupportedInterfaceOrientations_iPad = "UIInterfaceOrientationPortrait UIInterfaceOrientationPortraitUpsideDown UIInterfaceOrientationLandscapeLeft UIInterfaceOrientationLandscapeRight";
				INFOPLIST_KEY_UISupportedInterfaceOrientations_iPhone = "UIInterfaceOrientationPortrait UIInterfaceOrientationLandscapeLeft UIInterfaceOrientationLandscapeRight";
				IPHONEOS_DEPLOYMENT_TARGET = 16.0;
				LD_RUNPATH_SEARCH_PATHS = (
					"$(inherited)",
					"@executable_path/Frameworks",
				);
				MARKETING_VERSION = 1.0;
				PRODUCT_BUNDLE_IDENTIFIER = io.github.znak99.GithubSearch;
				PRODUCT_NAME = "$(TARGET_NAME)";
				SUPPORTED_PLATFORMS = "iphoneos iphonesimulator";
				SUPPORTS_MACCATALYST = NO;
				SUPPORTS_MAC_DESIGNED_FOR_IPHONE_IPAD = NO;
				SUPPORTS_XR_DESIGNED_FOR_IPHONE_IPAD = NO;
				SWIFT_EMIT_LOC_STRINGS = YES;
				SWIFT_VERSION = 5.0;
				TARGETED_DEVICE_FAMILY = "1,2";
			};
			name = Release;
		};
		FB529EC22E744058007970D3 /* Debug */ = {
			isa = XCBuildConfiguration;
			buildSettings = {
				BUNDLE_LOADER = "$(TEST_HOST)";
				CLANG_ENABLE_MODULES = YES;
				CODE_SIGN_STYLE = Automatic;
				CURRENT_PROJECT_VERSION = 1;
				DEVELOPMENT_TEAM = SHUGXU55KP;
				GENERATE_INFOPLIST_FILE = YES;
				IPHONEOS_DEPLOYMENT_TARGET = 16.0;
				MARKETING_VERSION = 1.0;
				PRODUCT_BUNDLE_IDENTIFIER = io.github.znak99.GithubSearchTests;
				PRODUCT_NAME = "$(TARGET_NAME)";
				SUPPORTED_PLATFORMS = "iphoneos iphonesimulator";
				SUPPORTS_MACCATALYST = NO;
				SUPPORTS_MAC_DESIGNED_FOR_IPHONE_IPAD = NO;
				SUPPORTS_XR_DESIGNED_FOR_IPHONE_IPAD = NO;
				SWIFT_EMIT_LOC_STRINGS = NO;
				SWIFT_OPTIMIZATION_LEVEL = "-Onone";
				SWIFT_VERSION = 5.0;
				TARGETED_DEVICE_FAMILY = "1,2";
				TEST_HOST = "$(BUILT_PRODUCTS_DIR)/GithubSearch.app/$(BUNDLE_EXECUTABLE_FOLDER_PATH)/GithubSearch";
			};
			name = Debug;
		};
		FB529EC32E744058007970D3 /* Release */ = {
			isa = XCBuildConfiguration;
			buildSettings = {
				BUNDLE_LOADER = "$(TEST_HOST)";
				CLANG_ENABLE_MODULES = YES;
				CODE_SIGN_STYLE = Automatic;
				CURRENT_PROJECT_VERSION = 1;
				DEVELOPMENT_TEAM = SHUGXU55KP;
				GENERATE_INFOPLIST_FILE = YES;
				IPHONEOS_DEPLOYMENT_TARGET = 16.0;
				MARKETING_VERSION = 1.0;
				PRODUCT_BUNDLE_IDENTIFIER = io.github.znak99.GithubSearchTests;
				PRODUCT_NAME = "$(TARGET_NAME)";
				SUPPORTED_PLATFORMS = "iphoneos iphonesimulator";
				SUPPORTS_MACCATALYST = NO;
				SUPPORTS_MAC_DESIGNED_FOR_IPHONE_IPAD = NO;
				SUPPORTS_XR_DESIGNED_FOR_IPHONE_IPAD = NO;
				SWIFT_EMIT_LOC_STRINGS = NO;
				SWIFT_VERSION = 5.0;
				TARGETED_DEVICE_FAMILY = "1,2";
				TEST_HOST = "$(BUILT_PRODUCTS_DIR)/GithubSearch.app/$(BUNDLE_EXECUTABLE_FOLDER_PATH)/GithubSearch";
			};
			name = Release;
		};
/* End XCBuildConfiguration section */

/* Begin XCConfigurationList section */
		FB529E982E744056007970D3 /* Build configuration list for PBXProject "GithubSearch" */ = {
			isa = XCConfigurationList;
			buildConfigurations = (
				FB529EBC2E744058007970D3 /* Debug */,
				FB529EBD2E744058007970D3 /* Release */,
			);
			defaultConfigurationIsVisible = 0;
			defaultConfigurationName = Release;
		};
		FB529EBE2E744058007970D3 /* Build configuration list for PBXNativeTarget "GithubSearch" */ = {
			isa = XCConfigurationList;
			buildConfigurations = (
				FB529EBF2E744058007970D3 /* Debug */,
				FB529EC02E744058007970D3 /* Release */,
			);
			defaultConfigurationIsVisible = 0;
			defaultConfigurationName = Release;
		};
		FB529EC12E744058007970D3 /* Build configuration list for PBXNativeTarget "GithubSearchTests" */ = {
			isa = XCConfigurationList;
			buildConfigurations = (
				FB529EC22E744058007970D3 /* Debug */,
				FB529EC32E744058007970D3 /* Release */,
			);
			defaultConfigurationIsVisible = 0;
			defaultConfigurationName = Release;
		};
/* End XCConfigurationList section */

/* Begin XCRemoteSwiftPackageReference section */
		FBB2C9062E74723F004C9165 /* XCRemoteSwiftPackageReference "Quick" */ = {
			isa = XCRemoteSwiftPackageReference;
			repositoryURL = "https://github.com/Quick/Quick";
			requirement = {
				branch = main;
				kind = branch;
			};
		};
		FBB2C9092E747288004C9165 /* XCRemoteSwiftPackageReference "Nimble" */ = {
			isa = XCRemoteSwiftPackageReference;
			repositoryURL = "https://github.com/Quick/Nimble";
			requirement = {
				branch = main;
				kind = branch;
			};
		};
/* End XCRemoteSwiftPackageReference section */

/* Begin XCSwiftPackageProductDependency section */
		FBB2C9072E74723F004C9165 /* Quick */ = {
			isa = XCSwiftPackageProductDependency;
			package = FBB2C9062E74723F004C9165 /* XCRemoteSwiftPackageReference "Quick" */;
			productName = Quick;
		};
		FBB2C90A2E747288004C9165 /* Nimble */ = {
			isa = XCSwiftPackageProductDependency;
			package = FBB2C9092E747288004C9165 /* XCRemoteSwiftPackageReference "Nimble" */;
			productName = Nimble;
		};
/* End XCSwiftPackageProductDependency section */
	};
	rootObject = FB529E952E744056007970D3 /* Project object */;
}
